
Microsoft Visual Studio Solution File, Format Version 12.00
Project("{FAE04EC0-301F-11D3-BF4B-00C04F79EFBC}") = "AssetGazeV2", "AssetGazeV2\AssetGazeV2.csproj", "{582AA14B-DA68-40B6-9207-0F146B1281EF}"
EndProject
Global
	GlobalSection(SolutionConfigurationPlatforms) = preSolution
		Debug|Any CPU = Debug|Any CPU
		Release|Any CPU = Release|Any CPU
	EndGlobalSection
	GlobalSection(ProjectConfigurationPlatforms) = postSolution
		{582AA14B-DA68-40B6-9207-0F146B1281EF}.Debug|Any CPU.ActiveCfg = Debug|Any CPU
		{582AA14B-DA68-40B6-9207-0F146B1281EF}.Debug|Any CPU.Build.0 = Debug|Any CPU
		{582AA14B-DA68-40B6-9207-0F146B1281EF}.Release|Any CPU.ActiveCfg = Release|Any CPU
		{582AA14B-DA68-40B6-9207-0F146B1281EF}.Release|Any CPU.Build.0 = Release|Any CPU
	EndGlobalSection
EndGlobal
